{
  "version": 4,
  "terraform_version": "1.7.4",
  "serial": 1,
  "lineage": "bc867903-054a-f1e4-1c1c-55be612698ec",
  "outputs": {
    "rg": {
      "value": "test-rg",
      "type": "string"
    }
  },
  "resources": [
    {
      "module": "module.rg",
      "mode": "managed",
      "type": "azurerm_resource_group",
      "name": "module_rg",
      "provider": "module.rg.provider[\"registry.terraform.io/hashicorp/azurerm\"]",
      "instances": [
        {
          "schema_version": 0,
          "attributes": {
            "id": "/subscriptions/ed0ae2bf-200e-4679-a5c5-19009d851181/resourceGroups/test-rg",
            "location": "southindia",
            "managed_by": "",
            "name": "test-rg",
            "tags": null,
            "timeouts": null
          },
          "sensitive_attributes": [],
          "private": "eyJlMmJmYjczMC1lY2FhLTExZTYtOGY4OC0zNDM2M2JjN2M0YzAiOnsiY3JlYXRlIjo1NDAwMDAwMDAwMDAwLCJkZWxldGUiOjU0MDAwMDAwMDAwMDAsInJlYWQiOjMwMDAwMDAwMDAwMCwidXBkYXRlIjo1NDAwMDAwMDAwMDAwfX0="
        }
      ]
    }
  ],
  "check_results": null
}
